<?xml version="1.0" encoding="utf-8"?>
<Project ToolsVersion="4.0" xmlns="http://schemas.microsoft.com/developer/msbuild/2003">
  <ItemGroup>
    <Filter Include="Source Files">
      <UniqueIdentifier>{4FC737F1-C7A5-4376-A066-2A32D752A2FF}</UniqueIdentifier>
      <Extensions>cpp;c;cc;cxx;def;odl;idl;hpj;bat;asm;asmx</Extensions>
    </Filter>
    <Filter Include="Header Files">
      <UniqueIdentifier>{93995380-89BD-4b04-88EB-625FBE52EBFB}</UniqueIdentifier>
      <Extensions>h;hh;hpp;hxx;hm;inl;inc;xsd</Extensions>
    </Filter>
    <Filter Include="Resource Files">
      <UniqueIdentifier>{67DA6AB6-F800-4c08-8B7A-83BB121AAD01}</UniqueIdentifier>
      <Extensions>rc;ico;cur;bmp;dlg;rc2;rct;bin;rgs;gif;jpg;jpeg;jpe;resx;tiff;tif;png;wav;mfcribbon-ms</Extensions>
    </Filter>
  </ItemGroup>
  <ItemGroup>
    <ClCompile Include="..\src\d_main.c">
      <Filter>Source Files</Filter>
    </ClCompile>
    <ClCompile Include="..\src\doomretro.c">
      <Filter>Source Files</Filter>
    </ClCompile>
    <ClCompile Include="..\src\m_random.c">
      <Filter>Source Files</Filter>
    </ClCompile>
    <ClCompile Include="..\src\m_fixed.c">
      <Filter>Source Files</Filter>
    </ClCompile>
    <ClCompile Include="..\src\d_englsh.c">
      <Filter>Source Files</Filter>
    </ClCompile>
    <ClCompile Include="..\src\d_think.c">
      <Filter>Source Files</Filter>
    </ClCompile>
    <ClCompile Include="..\src\d_ticcmd.c">
      <Filter>Source Files</Filter>
    </ClCompile>
    <ClCompile Include="..\src\doomtype.c">
      <Filter>Source Files</Filter>
    </ClCompile>
    <ClCompile Include="..\src\tables.c">
      <Filter>Source Files</Filter>
    </ClCompile>
    <ClCompile Include="..\src\version.c">
      <Filter>Source Files</Filter>
    </ClCompile>
    <ClCompile Include="..\src\doomdef.c">
      <Filter>Source Files</Filter>
    </ClCompile>
    <ClCompile Include="..\src\v_data.c">
      <Filter>Source Files</Filter>
    </ClCompile>
    <ClCompile Include="..\src\doomdata.c">
      <Filter>Source Files</Filter>
    </ClCompile>
    <ClCompile Include="..\src\doomkeys.c">
      <Filter>Source Files</Filter>
    </ClCompile>
    <ClCompile Include="..\src\i_timer.c">
      <Filter>Source Files</Filter>
    </ClCompile>
    <ClCompile Include="..\src\i_swap.c">
      <Filter>Source Files</Filter>
    </ClCompile>
    <ClCompile Include="..\src\m_argv.c">
      <Filter>Source Files</Filter>
    </ClCompile>
    <ClCompile Include="..\src\sounds.c">
      <Filter>Source Files</Filter>
    </ClCompile>
    <ClCompile Include="..\src\sprites.c">
      <Filter>Source Files</Filter>
    </ClCompile>
    <ClCompile Include="..\src\dstrings.c">
      <Filter>Source Files</Filter>
    </ClCompile>
    <ClCompile Include="..\src\d_deh.c">
      <Filter>Source Files</Filter>
    </ClCompile>
    <ClCompile Include="..\src\m_misc.c">
      <Filter>Source Files</Filter>
    </ClCompile>
    <ClCompile Include="..\src\info.c">
      <Filter>Source Files</Filter>
    </ClCompile>
    <ClCompile Include="..\src\states.c">
      <Filter>Source Files</Filter>
    </ClCompile>
    <ClCompile Include="..\src\p_pspr.c">
      <Filter>Source Files</Filter>
    </ClCompile>
    <ClCompile Include="..\src\p_mobj.c">
      <Filter>Source Files</Filter>
    </ClCompile>
    <ClCompile Include="..\src\p_tick.c">
      <Filter>Source Files</Filter>
    </ClCompile>
    <ClCompile Include="..\src\i_system.c">
      <Filter>Source Files</Filter>
    </ClCompile>
    <ClCompile Include="..\src\a_game.c">
      <Filter>Source Files</Filter>
    </ClCompile>
    <ClCompile Include="..\src\i_video.c">
      <Filter>Source Files</Filter>
    </ClCompile>
    <ClCompile Include="..\src\m_config.c">
      <Filter>Source Files</Filter>
    </ClCompile>
    <ClCompile Include="..\src\m_controls.c">
      <Filter>Source Files</Filter>
    </ClCompile>
    <ClCompile Include="..\src\i_gamepad.c">
      <Filter>Source Files</Filter>
    </ClCompile>
    <ClCompile Include="..\src\doomenum.c">
      <Filter>Source Files</Filter>
    </ClCompile>
    <ClCompile Include="..\src\r_defs.c">
      <Filter>Source Files</Filter>
    </ClCompile>
    <ClCompile Include="..\src\p_local.c">
      <Filter>Source Files</Filter>
    </ClCompile>
    <ClCompile Include="..\src\doomvars.c">
      <Filter>Source Files</Filter>
    </ClCompile>
    <ClCompile Include="..\src\i_music.c">
      <Filter>Source Files</Filter>
    </ClCompile>
    <ClCompile Include="..\src\i_midirpc.c">
      <Filter>Source Files</Filter>
    </ClCompile>
    <ClCompile Include="..\src\i_sound.c">
      <Filter>Source Files</Filter>
    </ClCompile>
    <ClCompile Include="..\src\logger.c">
      <Filter>Source Files</Filter>
    </ClCompile>
    <ClCompile Include="..\src\d_event.c">
      <Filter>Source Files</Filter>
    </ClCompile>
    <ClCompile Include="..\src\d_player.c">
      <Filter>Source Files</Filter>
    </ClCompile>
    <ClCompile Include="..\src\d_iwad.c">
      <Filter>Source Files</Filter>
    </ClCompile>
    <ClCompile Include="..\src\doomstruct.c">
      <Filter>Source Files</Filter>
    </ClCompile>
    <ClCompile Include="..\src\doomstat.c">
      <Filter>Source Files</Filter>
    </ClCompile>
    <ClCompile Include="..\src\d_loop.c">
      <Filter>Source Files</Filter>
    </ClCompile>
    <ClCompile Include="..\src\g_game.c">
      <Filter>Source Files</Filter>
    </ClCompile>
    <ClCompile Include="..\src\v_video.c">
      <Filter>Source Files</Filter>
    </ClCompile>
    <ClCompile Include="..\src\c_cmds.c">
      <Filter>Source Files</Filter>
    </ClCompile>
    <ClCompile Include="..\src\w_wad.c">
      <Filter>Source Files</Filter>
    </ClCompile>
    <ClCompile Include="..\src\w_file.c">
      <Filter>Source Files</Filter>
    </ClCompile>
    <ClCompile Include="..\src\z_zone.c">
      <Filter>Source Files</Filter>
    </ClCompile>
    <ClCompile Include="..\src\w_merge.c">
      <Filter>Source Files</Filter>
    </ClCompile>
    <ClCompile Include="..\src\d_items.c">
      <Filter>Source Files</Filter>
    </ClCompile>
    <ClCompile Include="..\src\i_colors.c">
      <Filter>Source Files</Filter>
    </ClCompile>
    <ClCompile Include="..\src\st_stuff.c">
      <Filter>Source Files</Filter>
    </ClCompile>
    <ClCompile Include="..\src\c_console.c">
      <Filter>Source Files</Filter>
    </ClCompile>
    <ClCompile Include="..\src\hu_lib.c">
      <Filter>Source Files</Filter>
    </ClCompile>
    <ClCompile Include="..\src\m_menu.c">
      <Filter>Source Files</Filter>
    </ClCompile>
    <ClCompile Include="..\src\p_saveg.c">
      <Filter>Source Files</Filter>
    </ClCompile>
    <ClCompile Include="..\src\s_sound.c">
      <Filter>Source Files</Filter>
    </ClCompile>
    <ClCompile Include="..\src\r_main.c">
      <Filter>Source Files</Filter>
    </ClCompile>
    <ClCompile Include="..\src\am_map.c">
      <Filter>Source Files</Filter>
    </ClCompile>
    <ClCompile Include="..\src\p_user.c">
      <Filter>Source Files</Filter>
    </ClCompile>
    <ClCompile Include="..\src\p_inter.c">
      <Filter>Source Files</Filter>
    </ClCompile>
    <ClCompile Include="..\src\hu_stuff.c">
      <Filter>Source Files</Filter>
    </ClCompile>
    <ClCompile Include="..\src\p_map.c">
      <Filter>Source Files</Filter>
    </ClCompile>
    <ClCompile Include="..\src\p_spec.c">
      <Filter>Source Files</Filter>
    </ClCompile>
    <ClCompile Include="..\src\r_things.c">
      <Filter>Source Files</Filter>
    </ClCompile>
    <ClCompile Include="..\src\r_plane.c">
      <Filter>Source Files</Filter>
    </ClCompile>
    <ClCompile Include="..\src\p_doors.c">
      <Filter>Source Files</Filter>
    </ClCompile>
    <ClCompile Include="..\src\p_setup.c">
      <Filter>Source Files</Filter>
    </ClCompile>
    <ClCompile Include="..\src\r_data.c">
      <Filter>Source Files</Filter>
    </ClCompile>
    <ClCompile Include="..\src\r_segs.c">
      <Filter>Source Files</Filter>
    </ClCompile>
    <ClCompile Include="..\src\r_bsp.c">
      <Filter>Source Files</Filter>
    </ClCompile>
    <ClCompile Include="..\src\sc_man.c">
      <Filter>Source Files</Filter>
    </ClCompile>
    <ClCompile Include="..\src\r_draw.c">
      <Filter>Source Files</Filter>
    </ClCompile>
    <ClCompile Include="..\src\r_patch.c">
      <Filter>Source Files</Filter>
    </ClCompile>
    <ClCompile Include="..\src\r_sky.c">
      <Filter>Source Files</Filter>
    </ClCompile>
    <ClCompile Include="..\src\p_switch.c">
      <Filter>Source Files</Filter>
    </ClCompile>
    <ClCompile Include="..\src\p_maputl.c">
      <Filter>Source Files</Filter>
    </ClCompile>
    <ClCompile Include="..\src\st_lib.c">
      <Filter>Source Files</Filter>
    </ClCompile>
  </ItemGroup>
  <ItemGroup>
    <ResourceCompile Include="..\res\win32.rc">
      <Filter>Resource Files</Filter>
    </ResourceCompile>
  </ItemGroup>
  <ItemGroup>
    <ClInclude Include="..\inc\d_main.h">
      <Filter>Header Files</Filter>
    </ClInclude>
    <ClInclude Include="..\inc\d_englsh.h">
      <Filter>Header Files</Filter>
    </ClInclude>
    <ClInclude Include="..\inc\d_think.h">
      <Filter>Header Files</Filter>
    </ClInclude>
    <ClInclude Include="..\inc\version.h">
      <Filter>Header Files</Filter>
    </ClInclude>
    <ClInclude Include="..\inc\tables.h">
      <Filter>Header Files</Filter>
    </ClInclude>
    <ClInclude Include="..\inc\m_fixed.h">
      <Filter>Header Files</Filter>
    </ClInclude>
    <ClInclude Include="..\inc\doomtype.h">
      <Filter>Header Files</Filter>
    </ClInclude>
    <ClInclude Include="..\inc\d_ticcmd.h">
      <Filter>Header Files</Filter>
    </ClInclude>
    <ClInclude Include="..\inc\m_random.h">
      <Filter>Header Files</Filter>
    </ClInclude>
    <ClInclude Include="..\inc\doomdef.h">
      <Filter>Header Files</Filter>
    </ClInclude>
    <ClInclude Include="..\inc\v_data.h">
      <Filter>Header Files</Filter>
    </ClInclude>
    <ClInclude Include="..\inc\doomdata.h">
      <Filter>Header Files</Filter>
    </ClInclude>
    <ClInclude Include="..\inc\doomkeys.h">
      <Filter>Header Files</Filter>
    </ClInclude>
    <ClInclude Include="..\inc\i_timer.h">
      <Filter>Header Files</Filter>
    </ClInclude>
    <ClInclude Include="..\inc\i_swap.h">
      <Filter>Header Files</Filter>
    </ClInclude>
    <ClInclude Include="..\inc\m_argv.h">
      <Filter>Header Files</Filter>
    </ClInclude>
    <ClInclude Include="..\inc\sounds.h">
      <Filter>Header Files</Filter>
    </ClInclude>
    <ClInclude Include="..\inc\sprites.h">
      <Filter>Header Files</Filter>
    </ClInclude>
    <ClInclude Include="..\inc\dstrings.h">
      <Filter>Header Files</Filter>
    </ClInclude>
    <ClInclude Include="..\inc\d_deh.h">
      <Filter>Header Files</Filter>
    </ClInclude>
    <ClInclude Include="..\inc\m_misc.h">
      <Filter>Header Files</Filter>
    </ClInclude>
    <ClInclude Include="..\inc\info.h">
      <Filter>Header Files</Filter>
    </ClInclude>
    <ClInclude Include="..\inc\states.h">
      <Filter>Header Files</Filter>
    </ClInclude>
    <ClInclude Include="..\inc\p_pspr.h">
      <Filter>Header Files</Filter>
    </ClInclude>
    <ClInclude Include="..\inc\d_player.h">
      <Filter>Header Files</Filter>
    </ClInclude>
    <ClInclude Include="..\inc\p_mobj.h">
      <Filter>Header Files</Filter>
    </ClInclude>
    <ClInclude Include="..\inc\p_tick.h">
      <Filter>Header Files</Filter>
    </ClInclude>
    <ClInclude Include="..\inc\i_system.h">
      <Filter>Header Files</Filter>
    </ClInclude>
    <ClInclude Include="..\inc\a_game.h">
      <Filter>Header Files</Filter>
    </ClInclude>
    <ClInclude Include="..\inc\i_video.h">
      <Filter>Header Files</Filter>
    </ClInclude>
    <ClInclude Include="..\inc\i_gamepad.h">
      <Filter>Header Files</Filter>
    </ClInclude>
    <ClInclude Include="..\inc\m_config.h">
      <Filter>Header Files</Filter>
    </ClInclude>
    <ClInclude Include="..\inc\m_controls.h">
      <Filter>Header Files</Filter>
    </ClInclude>
    <ClInclude Include="..\inc\doomenum.h">
      <Filter>Header Files</Filter>
    </ClInclude>
    <ClInclude Include="..\inc\r_defs.h">
      <Filter>Header Files</Filter>
    </ClInclude>
    <ClInclude Include="..\inc\p_local.h">
      <Filter>Header Files</Filter>
    </ClInclude>
    <ClInclude Include="..\inc\doomvars.h">
      <Filter>Header Files</Filter>
    </ClInclude>
    <ClInclude Include="..\inc\i_music.h">
      <Filter>Header Files</Filter>
    </ClInclude>
    <ClInclude Include="..\inc\i_midirpc.h">
      <Filter>Header Files</Filter>
    </ClInclude>
    <ClInclude Include="..\inc\i_sound.h">
      <Filter>Header Files</Filter>
    </ClInclude>
    <ClInclude Include="..\inc\logger.h">
      <Filter>Header Files</Filter>
    </ClInclude>
    <ClInclude Include="..\inc\d_event.h">
      <Filter>Header Files</Filter>
    </ClInclude>
    <ClInclude Include="..\inc\doomretro.h">
      <Filter>Header Files</Filter>
    </ClInclude>
    <ClInclude Include="..\inc\d_iwad.h">
      <Filter>Header Files</Filter>
    </ClInclude>
    <ClInclude Include="..\inc\doomstruct.h">
      <Filter>Header Files</Filter>
    </ClInclude>
    <ClInclude Include="..\inc\doomstat.h">
      <Filter>Header Files</Filter>
    </ClInclude>
    <ClInclude Include="..\inc\d_loop.h">
      <Filter>Header Files</Filter>
    </ClInclude>
    <ClInclude Include="..\inc\g_game.h">
      <Filter>Header Files</Filter>
    </ClInclude>
    <ClInclude Include="..\inc\v_video.h">
      <Filter>Header Files</Filter>
    </ClInclude>
    <ClInclude Include="..\inc\c_cmds.h">
      <Filter>Header Files</Filter>
    </ClInclude>
    <ClInclude Include="..\inc\w_wad.h">
      <Filter>Header Files</Filter>
    </ClInclude>
    <ClInclude Include="..\inc\w_file.h">
      <Filter>Header Files</Filter>
    </ClInclude>
    <ClInclude Include="..\inc\z_zone.h">
      <Filter>Header Files</Filter>
    </ClInclude>
    <ClInclude Include="..\inc\w_merge.h">
      <Filter>Header Files</Filter>
    </ClInclude>
    <ClInclude Include="..\inc\d_items.h">
      <Filter>Header Files</Filter>
    </ClInclude>
    <ClInclude Include="..\inc\i_colors.h">
      <Filter>Header Files</Filter>
    </ClInclude>
    <ClInclude Include="..\inc\st_stuff.h">
      <Filter>Header Files</Filter>
    </ClInclude>
    <ClInclude Include="..\inc\c_console.h">
      <Filter>Header Files</Filter>
    </ClInclude>
    <ClInclude Include="..\inc\hu_lib.h">
      <Filter>Header Files</Filter>
    </ClInclude>
    <ClInclude Include="..\inc\m_menu.h">
      <Filter>Header Files</Filter>
    </ClInclude>
    <ClInclude Include="..\inc\p_saveg.h">
      <Filter>Header Files</Filter>
    </ClInclude>
    <ClInclude Include="..\inc\s_sound.h">
      <Filter>Header Files</Filter>
    </ClInclude>
    <ClInclude Include="..\inc\r_main.h">
      <Filter>Header Files</Filter>
    </ClInclude>
    <ClInclude Include="..\inc\am_map.h">
      <Filter>Header Files</Filter>
    </ClInclude>
    <ClInclude Include="..\inc\hu_stuff.h">
      <Filter>Header Files</Filter>
    </ClInclude>
    <ClInclude Include="..\inc\p_spec.h">
      <Filter>Header Files</Filter>
    </ClInclude>
    <ClInclude Include="..\inc\r_things.h">
      <Filter>Header Files</Filter>
    </ClInclude>
    <ClInclude Include="..\inc\r_plane.h">
      <Filter>Header Files</Filter>
    </ClInclude>
    <ClInclude Include="..\inc\p_setup.h">
      <Filter>Header Files</Filter>
    </ClInclude>
    <ClInclude Include="..\inc\r_data.h">
      <Filter>Header Files</Filter>
    </ClInclude>
    <ClInclude Include="..\inc\r_segs.h">
      <Filter>Header Files</Filter>
    </ClInclude>
    <ClInclude Include="..\inc\r_bsp.h">
      <Filter>Header Files</Filter>
    </ClInclude>
    <ClInclude Include="..\inc\sc_man.h">
      <Filter>Header Files</Filter>
    </ClInclude>
    <ClInclude Include="..\inc\r_draw.h">
      <Filter>Header Files</Filter>
    </ClInclude>
    <ClInclude Include="..\inc\r_patch.h">
      <Filter>Header Files</Filter>
    </ClInclude>
    <ClInclude Include="..\inc\r_sky.h">
      <Filter>Header Files</Filter>
    </ClInclude>
    <ClInclude Include="..\inc\st_lib.h">
      <Filter>Header Files</Filter>
    </ClInclude>
  </ItemGroup>
</Project>